
Microsoft Visual Studio Solution File, Format Version 12.00
# Visual Studio 14
VisualStudioVersion = 14.0.25420.1
MinimumVisualStudioVersion = 10.0.40219.1
Project("{FAE04EC0-301F-11D3-BF4B-00C04F79EFBC}") = "CSharp", "CSharp\CSharp.csproj", "{6B673FB0-0552-4917-BC16-4354ED34A865}"
EndProject
Project("{FAE04EC0-301F-11D3-BF4B-00C04F79EFBC}") = "ScaffoldBasicApplication", "ScaffoldBasicApplication\ScaffoldBasicApplication.csproj", "{FF59044B-3A6B-4BEB-A15A-0EEFEBB03273}"
EndProject
Project("{FAE04EC0-301F-11D3-BF4B-00C04F79EFBC}") = "Timers", "Timers\Timers.csproj", "{1D8FE4ED-03CA-4A9E-9DDF-1F1D0A0DC9DB}"
EndProject
Global
	GlobalSection(SolutionConfigurationPlatforms) = preSolution
		Debug|Any CPU = Debug|Any CPU
		Release|Any CPU = Release|Any CPU
	EndGlobalSection
	GlobalSection(ProjectConfigurationPlatforms) = postSolution
		{6B673FB0-0552-4917-BC16-4354ED34A865}.Debug|Any CPU.ActiveCfg = Debug|Any CPU
		{6B673FB0-0552-4917-BC16-4354ED34A865}.Debug|Any CPU.Build.0 = Debug|Any CPU
		{6B673FB0-0552-4917-BC16-4354ED34A865}.Release|Any CPU.ActiveCfg = Release|Any CPU
		{6B673FB0-0552-4917-BC16-4354ED34A865}.Release|Any CPU.Build.0 = Release|Any CPU
		{FF59044B-3A6B-4BEB-A15A-0EEFEBB03273}.Debug|Any CPU.ActiveCfg = Debug|Any CPU
		{FF59044B-3A6B-4BEB-A15A-0EEFEBB03273}.Debug|Any CPU.Build.0 = Debug|Any CPU
		{FF59044B-3A6B-4BEB-A15A-0EEFEBB03273}.Release|Any CPU.ActiveCfg = Release|Any CPU
		{FF59044B-3A6B-4BEB-A15A-0EEFEBB03273}.Release|Any CPU.Build.0 = Release|Any CPU
		{1D8FE4ED-03CA-4A9E-9DDF-1F1D0A0DC9DB}.Debug|Any CPU.ActiveCfg = Debug|Any CPU
		{1D8FE4ED-03CA-4A9E-9DDF-1F1D0A0DC9DB}.Debug|Any CPU.Build.0 = Debug|Any CPU
		{1D8FE4ED-03CA-4A9E-9DDF-1F1D0A0DC9DB}.Release|Any CPU.ActiveCfg = Release|Any CPU
		{1D8FE4ED-03CA-4A9E-9DDF-1F1D0A0DC9DB}.Release|Any CPU.Build.0 = Release|Any CPU
	EndGlobalSection
	GlobalSection(SolutionProperties) = preSolution
		HideSolutionNode = FALSE
	EndGlobalSection
EndGlobal
