
Microsoft Visual Studio Solution File, Format Version 12.00
# Visual Studio 15
VisualStudioVersion = 15.0.28307.168
MinimumVisualStudioVersion = 10.0.40219.1
Project("{FAE04EC0-301F-11D3-BF4B-00C04F79EFBC}") = "WPF", "WPF\WPF.csproj", "{6B673FB0-0552-4917-BC16-4354ED34A865}"
EndProject
Project("{FAE04EC0-301F-11D3-BF4B-00C04F79EFBC}") = "ScaffoldBasicApplication", "ScaffoldBasicApplication\ScaffoldBasicApplication.csproj", "{FF59044B-3A6B-4BEB-A15A-0EEFEBB03273}"
EndProject
Project("{FAE04EC0-301F-11D3-BF4B-00C04F79EFBC}") = "Timers", "Timers\Timers.csproj", "{1D8FE4ED-03CA-4A9E-9DDF-1F1D0A0DC9DB}"
EndProject
Project("{FAE04EC0-301F-11D3-BF4B-00C04F79EFBC}") = "FileInputAndOutput", "FileInputAndOutput\FileInputAndOutput.csproj", "{296D3DD3-1048-4182-BAE7-8A2EEA09BE45}"
EndProject
Project("{FAE04EC0-301F-11D3-BF4B-00C04F79EFBC}") = "Testing", "Testing\Testing.csproj", "{561FC11C-BF8B-471A-929A-AE2E2366FA79}"
EndProject
Project("{FAE04EC0-301F-11D3-BF4B-00C04F79EFBC}") = "LoggingAndDebugging", "LoggingAndDebugging\LoggingAndDebugging.csproj", "{79B05617-E485-4A34-91FE-3655C1B3D811}"
EndProject
Project("{FAE04EC0-301F-11D3-BF4B-00C04F79EFBC}") = "Regex", "Regex\Regex.csproj", "{748269CC-35DB-4258-94FD-C8EDBD9A36D2}"
EndProject
Project("{FAE04EC0-301F-11D3-BF4B-00C04F79EFBC}") = "DesignPatterns", "DesignPatterns\DesignPatterns.csproj", "{715BBDE5-C4FF-4E14-9C65-6DF085069D51}"
EndProject
Project("{FAE04EC0-301F-11D3-BF4B-00C04F79EFBC}") = "FileEncryption", "FileEncryption\FileEncryption.csproj", "{AEFDF57C-2D40-4091-8C66-9345A291917D}"
EndProject
Project("{FAE04EC0-301F-11D3-BF4B-00C04F79EFBC}") = "Linq", "Linq\Linq.csproj", "{9E456D3C-BB71-47A3-B1B9-3887B9D4A2AA}"
EndProject
Project("{FAE04EC0-301F-11D3-BF4B-00C04F79EFBC}") = "Web", "Web\Web.csproj", "{3F386787-0E26-444E-AE99-2CD395FF4F45}"
EndProject
Project("{FAE04EC0-301F-11D3-BF4B-00C04F79EFBC}") = "ViewModelPerTab", "ViewModelPerTab\ViewModelPerTab.csproj", "{042DD19B-8DB5-4431-B3E4-C5B4BF2A1D16}"
EndProject
Project("{FAE04EC0-301F-11D3-BF4B-00C04F79EFBC}") = "GeneralUtil", "GeneralUtil\GeneralUtil.csproj", "{A177793A-56AF-4092-92AB-E8E4A8BF5627}"
EndProject
Global
	GlobalSection(SolutionConfigurationPlatforms) = preSolution
		Debug|Any CPU = Debug|Any CPU
		Release|Any CPU = Release|Any CPU
	EndGlobalSection
	GlobalSection(ProjectConfigurationPlatforms) = postSolution
		{6B673FB0-0552-4917-BC16-4354ED34A865}.Debug|Any CPU.ActiveCfg = Debug|Any CPU
		{6B673FB0-0552-4917-BC16-4354ED34A865}.Debug|Any CPU.Build.0 = Debug|Any CPU
		{6B673FB0-0552-4917-BC16-4354ED34A865}.Release|Any CPU.ActiveCfg = Release|Any CPU
		{6B673FB0-0552-4917-BC16-4354ED34A865}.Release|Any CPU.Build.0 = Release|Any CPU
		{FF59044B-3A6B-4BEB-A15A-0EEFEBB03273}.Debug|Any CPU.ActiveCfg = Debug|Any CPU
		{FF59044B-3A6B-4BEB-A15A-0EEFEBB03273}.Debug|Any CPU.Build.0 = Debug|Any CPU
		{FF59044B-3A6B-4BEB-A15A-0EEFEBB03273}.Release|Any CPU.ActiveCfg = Release|Any CPU
		{FF59044B-3A6B-4BEB-A15A-0EEFEBB03273}.Release|Any CPU.Build.0 = Release|Any CPU
		{1D8FE4ED-03CA-4A9E-9DDF-1F1D0A0DC9DB}.Debug|Any CPU.ActiveCfg = Debug|Any CPU
		{1D8FE4ED-03CA-4A9E-9DDF-1F1D0A0DC9DB}.Debug|Any CPU.Build.0 = Debug|Any CPU
		{1D8FE4ED-03CA-4A9E-9DDF-1F1D0A0DC9DB}.Release|Any CPU.ActiveCfg = Release|Any CPU
		{1D8FE4ED-03CA-4A9E-9DDF-1F1D0A0DC9DB}.Release|Any CPU.Build.0 = Release|Any CPU
		{296D3DD3-1048-4182-BAE7-8A2EEA09BE45}.Debug|Any CPU.ActiveCfg = Debug|Any CPU
		{296D3DD3-1048-4182-BAE7-8A2EEA09BE45}.Debug|Any CPU.Build.0 = Debug|Any CPU
		{296D3DD3-1048-4182-BAE7-8A2EEA09BE45}.Release|Any CPU.ActiveCfg = Release|Any CPU
		{296D3DD3-1048-4182-BAE7-8A2EEA09BE45}.Release|Any CPU.Build.0 = Release|Any CPU
		{561FC11C-BF8B-471A-929A-AE2E2366FA79}.Debug|Any CPU.ActiveCfg = Debug|Any CPU
		{561FC11C-BF8B-471A-929A-AE2E2366FA79}.Debug|Any CPU.Build.0 = Debug|Any CPU
		{561FC11C-BF8B-471A-929A-AE2E2366FA79}.Release|Any CPU.ActiveCfg = Release|Any CPU
		{561FC11C-BF8B-471A-929A-AE2E2366FA79}.Release|Any CPU.Build.0 = Release|Any CPU
		{79B05617-E485-4A34-91FE-3655C1B3D811}.Debug|Any CPU.ActiveCfg = Debug|Any CPU
		{79B05617-E485-4A34-91FE-3655C1B3D811}.Debug|Any CPU.Build.0 = Debug|Any CPU
		{79B05617-E485-4A34-91FE-3655C1B3D811}.Release|Any CPU.ActiveCfg = Release|Any CPU
		{79B05617-E485-4A34-91FE-3655C1B3D811}.Release|Any CPU.Build.0 = Release|Any CPU
		{748269CC-35DB-4258-94FD-C8EDBD9A36D2}.Debug|Any CPU.ActiveCfg = Debug|Any CPU
		{748269CC-35DB-4258-94FD-C8EDBD9A36D2}.Debug|Any CPU.Build.0 = Debug|Any CPU
		{748269CC-35DB-4258-94FD-C8EDBD9A36D2}.Release|Any CPU.ActiveCfg = Release|Any CPU
		{748269CC-35DB-4258-94FD-C8EDBD9A36D2}.Release|Any CPU.Build.0 = Release|Any CPU
		{715BBDE5-C4FF-4E14-9C65-6DF085069D51}.Debug|Any CPU.ActiveCfg = Debug|Any CPU
		{715BBDE5-C4FF-4E14-9C65-6DF085069D51}.Debug|Any CPU.Build.0 = Debug|Any CPU
		{715BBDE5-C4FF-4E14-9C65-6DF085069D51}.Release|Any CPU.ActiveCfg = Release|Any CPU
		{715BBDE5-C4FF-4E14-9C65-6DF085069D51}.Release|Any CPU.Build.0 = Release|Any CPU
		{AEFDF57C-2D40-4091-8C66-9345A291917D}.Debug|Any CPU.ActiveCfg = Debug|Any CPU
		{AEFDF57C-2D40-4091-8C66-9345A291917D}.Debug|Any CPU.Build.0 = Debug|Any CPU
		{AEFDF57C-2D40-4091-8C66-9345A291917D}.Release|Any CPU.ActiveCfg = Release|Any CPU
		{AEFDF57C-2D40-4091-8C66-9345A291917D}.Release|Any CPU.Build.0 = Release|Any CPU
		{9E456D3C-BB71-47A3-B1B9-3887B9D4A2AA}.Debug|Any CPU.ActiveCfg = Debug|Any CPU
		{9E456D3C-BB71-47A3-B1B9-3887B9D4A2AA}.Debug|Any CPU.Build.0 = Debug|Any CPU
		{9E456D3C-BB71-47A3-B1B9-3887B9D4A2AA}.Release|Any CPU.ActiveCfg = Release|Any CPU
		{9E456D3C-BB71-47A3-B1B9-3887B9D4A2AA}.Release|Any CPU.Build.0 = Release|Any CPU
		{3F386787-0E26-444E-AE99-2CD395FF4F45}.Debug|Any CPU.ActiveCfg = Debug|Any CPU
		{3F386787-0E26-444E-AE99-2CD395FF4F45}.Debug|Any CPU.Build.0 = Debug|Any CPU
		{3F386787-0E26-444E-AE99-2CD395FF4F45}.Release|Any CPU.ActiveCfg = Release|Any CPU
		{3F386787-0E26-444E-AE99-2CD395FF4F45}.Release|Any CPU.Build.0 = Release|Any CPU
		{042DD19B-8DB5-4431-B3E4-C5B4BF2A1D16}.Debug|Any CPU.ActiveCfg = Debug|Any CPU
		{042DD19B-8DB5-4431-B3E4-C5B4BF2A1D16}.Debug|Any CPU.Build.0 = Debug|Any CPU
		{042DD19B-8DB5-4431-B3E4-C5B4BF2A1D16}.Release|Any CPU.ActiveCfg = Release|Any CPU
		{042DD19B-8DB5-4431-B3E4-C5B4BF2A1D16}.Release|Any CPU.Build.0 = Release|Any CPU
		{A177793A-56AF-4092-92AB-E8E4A8BF5627}.Debug|Any CPU.ActiveCfg = Debug|Any CPU
		{A177793A-56AF-4092-92AB-E8E4A8BF5627}.Debug|Any CPU.Build.0 = Debug|Any CPU
		{A177793A-56AF-4092-92AB-E8E4A8BF5627}.Release|Any CPU.ActiveCfg = Release|Any CPU
		{A177793A-56AF-4092-92AB-E8E4A8BF5627}.Release|Any CPU.Build.0 = Release|Any CPU
	EndGlobalSection
	GlobalSection(SolutionProperties) = preSolution
		HideSolutionNode = FALSE
	EndGlobalSection
	GlobalSection(ExtensibilityGlobals) = postSolution
		SolutionGuid = {3AE6126A-0615-4198-B7CB-22944B76F6A5}
	EndGlobalSection
EndGlobal
