
Microsoft Visual Studio Solution File, Format Version 12.00
# Visual Studio 15
VisualStudioVersion = 15.0.27703.2026
MinimumVisualStudioVersion = 10.0.40219.1
Project("{F2A71F9B-5D33-465A-A702-920D77279786}") = "FSharp", "FSharp\FSharp.fsproj", "{4A4C900E-BC48-4C8B-865A-3266D42182E1}"
EndProject
Project("{F2A71F9B-5D33-465A-A702-920D77279786}") = "WpfScaffolding", "WpfScaffolding\WpfScaffolding.fsproj", "{2CDD01C8-B282-43BB-A8F0-AF4C3BC872BA}"
EndProject
Global
	GlobalSection(SolutionConfigurationPlatforms) = preSolution
		Debug|Any CPU = Debug|Any CPU
		Release|Any CPU = Release|Any CPU
	EndGlobalSection
	GlobalSection(ProjectConfigurationPlatforms) = postSolution
		{4A4C900E-BC48-4C8B-865A-3266D42182E1}.Debug|Any CPU.ActiveCfg = Debug|Any CPU
		{4A4C900E-BC48-4C8B-865A-3266D42182E1}.Debug|Any CPU.Build.0 = Debug|Any CPU
		{4A4C900E-BC48-4C8B-865A-3266D42182E1}.Release|Any CPU.ActiveCfg = Release|Any CPU
		{4A4C900E-BC48-4C8B-865A-3266D42182E1}.Release|Any CPU.Build.0 = Release|Any CPU
		{2CDD01C8-B282-43BB-A8F0-AF4C3BC872BA}.Debug|Any CPU.ActiveCfg = Debug|Any CPU
		{2CDD01C8-B282-43BB-A8F0-AF4C3BC872BA}.Debug|Any CPU.Build.0 = Debug|Any CPU
		{2CDD01C8-B282-43BB-A8F0-AF4C3BC872BA}.Release|Any CPU.ActiveCfg = Release|Any CPU
		{2CDD01C8-B282-43BB-A8F0-AF4C3BC872BA}.Release|Any CPU.Build.0 = Release|Any CPU
	EndGlobalSection
	GlobalSection(SolutionProperties) = preSolution
		HideSolutionNode = FALSE
	EndGlobalSection
	GlobalSection(ExtensibilityGlobals) = postSolution
		SolutionGuid = {09E0DE25-E698-4F00-A05F-3435A9306F90}
	EndGlobalSection
EndGlobal
